
Microsoft Visual Studio Solution File, Format Version 12.00
# Visual Studio Version 17
VisualStudioVersion = 17.3.32819.101
MinimumVisualStudioVersion = 10.0.40219.1
Project("{FAE04EC0-301F-11D3-BF4B-00C04F79EFBC}") = "WPF_PR6", "WPF_PR6.csproj", "{BB18764A-6451-4BAD-AC96-87D604F1F107}"
EndProject
Project("{FAE04EC0-301F-11D3-BF4B-00C04F79EFBC}") = "Lib1", "Lib1\Lib1.csproj", "{36FB0587-B916-4D55-878F-85498D10B687}"
EndProject
Global
	GlobalSection(SolutionConfigurationPlatforms) = preSolution
		Debug|Any CPU = Debug|Any CPU
		Release|Any CPU = Release|Any CPU
	EndGlobalSection
	GlobalSection(ProjectConfigurationPlatforms) = postSolution
		{BB18764A-6451-4BAD-AC96-87D604F1F107}.Debug|Any CPU.ActiveCfg = Debug|Any CPU
		{BB18764A-6451-4BAD-AC96-87D604F1F107}.Debug|Any CPU.Build.0 = Debug|Any CPU
		{BB18764A-6451-4BAD-AC96-87D604F1F107}.Release|Any CPU.ActiveCfg = Release|Any CPU
		{BB18764A-6451-4BAD-AC96-87D604F1F107}.Release|Any CPU.Build.0 = Release|Any CPU
		{36FB0587-B916-4D55-878F-85498D10B687}.Debug|Any CPU.ActiveCfg = Debug|Any CPU
		{36FB0587-B916-4D55-878F-85498D10B687}.Debug|Any CPU.Build.0 = Debug|Any CPU
		{36FB0587-B916-4D55-878F-85498D10B687}.Release|Any CPU.ActiveCfg = Release|Any CPU
		{36FB0587-B916-4D55-878F-85498D10B687}.Release|Any CPU.Build.0 = Release|Any CPU
	EndGlobalSection
	GlobalSection(SolutionProperties) = preSolution
		HideSolutionNode = FALSE
	EndGlobalSection
	GlobalSection(ExtensibilityGlobals) = postSolution
		SolutionGuid = {7C71395D-EF3B-4A4B-9CA0-A1F62E58A104}
	EndGlobalSection
EndGlobal
